{
    "_meta": {
        "hash": {
            "sha256": "0dd109a76b979901ad29b308f2cdf0308552d50ba2db897bc0cccf9206728968"
        },
        "pipfile-spec": 6,
        "requires": {
            "python_version": "3.8"
        },
        "sources": [
            {
                "name": "pypi",
                "url": "https://pypi.org/simple",
                "verify_ssl": true
            }
        ]
    },
    "default": {
        "llvmlite": {
            "hashes": [
                "sha256:0497a19428083a0544663732a925994d74e3b15c3c94946c6e7b6bf21a391264",
                "sha256:081d9c36d8e012b86bac02af49e225d883975ab5978ba33c3cc291474620c84d",
                "sha256:0fb7cb2907814dd03a152549d1c4dfee4854881d9cc7da85414b77903a681aa6",
                "sha256:17140e1462aa7f9250428fff7dd24187ea30498034a832bdb7385cbdc28fd4bf",
                "sha256:2426bfff67fdab577c7d5321c252d880434911caa6f9152f5be98da71b30e084",
                "sha256:2e8bbb8e97d7cc0b6d124ba9f8577955fdc7639715f925c410abe02d2bc92862",
                "sha256:37b66bf3624dd0b3739b4cf1b3cc3735dbe7799bc90d2a7a79a54b0ce37e1a38",
                "sha256:3f7b2838898c80557e959f83fb28d260e5e2301396f34830f3ec6811ae53f6be",
                "sha256:48558fddce5ff351f9de98beff35888aa351598e5635b3b91d67ec9e10d458cc",
                "sha256:5845432b4660c530d27c46434b9669290f205d9b1c1e02e52f43f6d11782b4be",
                "sha256:63e178c6f7872a39572e210cb266fb6db6386f5e622e2d8c79491b6d8c7aa942",
                "sha256:6a91e25488609cc91db91de206e023b7fe0889ac007adb31c713e685384497ba",
                "sha256:6b48c8fffc3512a2e97c6f70deb09eb49c419af66ced79e317cc2323117dcec6",
                "sha256:70734d46c2611f3fe765985fe356aaec393dc79bbd735f7f4d23f910b5148dc3",
                "sha256:7e07bacc2bb2ef1bf33dbf64d4bd13330baeae2287902100b144e43bcd1b066b",
                "sha256:87805405ccdd1add51f51d85997fbff01c920adf4da600dbe197e1f3eebd1e57",
                "sha256:8b88cc3c6c0010df8a720c777ef1c0879d304404e0727c4ac9e3dc98d5815e10",
                "sha256:a99d166ccf3b116f3b9ed23b9b70ba2415640a9c978f3aaa13fad49c58f4965c",
                "sha256:b040d392e998582883cd680e81afb4cd2d331d69cb93d605c735bfd2caa09805",
                "sha256:c0f11feda33f2b49abf5acc11828eebb3098050bbf6cd1cd75e2b05eb7676cb1",
                "sha256:c967b96d708556597e003217fd99f0c20e73d09c91d6d5054c538becc396ba79",
                "sha256:de321a680690d1ce040f34294d215ed0ac5fdcf7c98f044d11ac9b9d9ebc969f",
                "sha256:e1095557a27b041f1217036e568a5449d4b385c2415cb4316b2f5476f96e9a58",
                "sha256:f43861f382b954fbf2ff88db5f13b00ac11ec4353445d3ba80e1eadcdd06c149",
                "sha256:f7a438917c30e87ac79bb89c773c100560dc346e0f0b03aabd88a6f6de3556c6"
            ],
            "index": "pypi",
            "version": "==0.38.0"
        }
    },
    "develop": {}
}
